
Microsoft Visual Studio Solution File, Format Version 12.00
# Visual Studio Version 17
VisualStudioVersion = 17.13.35931.197
MinimumVisualStudioVersion = 10.0.40219.1
Project("{FAE04EC0-301F-11D3-BF4B-00C04F79EFBC}") = "Hospital.Web", "Hospital.Web\Hospital.Web.csproj", "{77B38B02-6DEA-4414-9F4A-FB23BDA98224}"
EndProject
Project("{FAE04EC0-301F-11D3-BF4B-00C04F79EFBC}") = "Hospital.Models", "Hospital.Models\Hospital.Models.csproj", "{2BD6A041-C467-4024-9415-893EBE5484E0}"
EndProject
Project("{FAE04EC0-301F-11D3-BF4B-00C04F79EFBC}") = "Hospital.ViewModels", "Hospital.ViewModels\Hospital.ViewModels.csproj", "{FD1256B8-1BCB-4A93-9866-07E426611BA7}"
EndProject
Project("{FAE04EC0-301F-11D3-BF4B-00C04F79EFBC}") = "Hospital.Repositories", "Hospital.Repositories\Hospital.Repositories.csproj", "{8CF79C92-C84A-4637-9322-F6A8ACC4A3DF}"
EndProject
Project("{FAE04EC0-301F-11D3-BF4B-00C04F79EFBC}") = "hospitals.Utilitie", "hospitals.Utilitie\hospitals.Utilitie.csproj", "{85F06B8B-CD01-4F11-93ED-9286A7AAB7F2}"
EndProject
Global
	GlobalSection(SolutionConfigurationPlatforms) = preSolution
		Debug|Any CPU = Debug|Any CPU
		Release|Any CPU = Release|Any CPU
	EndGlobalSection
	GlobalSection(ProjectConfigurationPlatforms) = postSolution
		{77B38B02-6DEA-4414-9F4A-FB23BDA98224}.Debug|Any CPU.ActiveCfg = Debug|Any CPU
		{77B38B02-6DEA-4414-9F4A-FB23BDA98224}.Debug|Any CPU.Build.0 = Debug|Any CPU
		{77B38B02-6DEA-4414-9F4A-FB23BDA98224}.Release|Any CPU.ActiveCfg = Release|Any CPU
		{77B38B02-6DEA-4414-9F4A-FB23BDA98224}.Release|Any CPU.Build.0 = Release|Any CPU
		{2BD6A041-C467-4024-9415-893EBE5484E0}.Debug|Any CPU.ActiveCfg = Debug|Any CPU
		{2BD6A041-C467-4024-9415-893EBE5484E0}.Debug|Any CPU.Build.0 = Debug|Any CPU
		{2BD6A041-C467-4024-9415-893EBE5484E0}.Release|Any CPU.ActiveCfg = Release|Any CPU
		{2BD6A041-C467-4024-9415-893EBE5484E0}.Release|Any CPU.Build.0 = Release|Any CPU
		{FD1256B8-1BCB-4A93-9866-07E426611BA7}.Debug|Any CPU.ActiveCfg = Debug|Any CPU
		{FD1256B8-1BCB-4A93-9866-07E426611BA7}.Debug|Any CPU.Build.0 = Debug|Any CPU
		{FD1256B8-1BCB-4A93-9866-07E426611BA7}.Release|Any CPU.ActiveCfg = Release|Any CPU
		{FD1256B8-1BCB-4A93-9866-07E426611BA7}.Release|Any CPU.Build.0 = Release|Any CPU
		{8CF79C92-C84A-4637-9322-F6A8ACC4A3DF}.Debug|Any CPU.ActiveCfg = Debug|Any CPU
		{8CF79C92-C84A-4637-9322-F6A8ACC4A3DF}.Debug|Any CPU.Build.0 = Debug|Any CPU
		{8CF79C92-C84A-4637-9322-F6A8ACC4A3DF}.Release|Any CPU.ActiveCfg = Release|Any CPU
		{8CF79C92-C84A-4637-9322-F6A8ACC4A3DF}.Release|Any CPU.Build.0 = Release|Any CPU
		{85F06B8B-CD01-4F11-93ED-9286A7AAB7F2}.Debug|Any CPU.ActiveCfg = Debug|Any CPU
		{85F06B8B-CD01-4F11-93ED-9286A7AAB7F2}.Debug|Any CPU.Build.0 = Debug|Any CPU
		{85F06B8B-CD01-4F11-93ED-9286A7AAB7F2}.Release|Any CPU.ActiveCfg = Release|Any CPU
		{85F06B8B-CD01-4F11-93ED-9286A7AAB7F2}.Release|Any CPU.Build.0 = Release|Any CPU
	EndGlobalSection
	GlobalSection(SolutionProperties) = preSolution
		HideSolutionNode = FALSE
	EndGlobalSection
	GlobalSection(ExtensibilityGlobals) = postSolution
		SolutionGuid = {77509060-2279-41AC-8280-BD56E4266B85}
	EndGlobalSection
EndGlobal
